PODS:
  - Alamofire (5.10.2)
  - AparajitaCapacitorDarkMode (5.0.2):
    - Capacitor
  - AppAuth (1.7.6):
    - AppAuth/Core (= 1.7.6)
    - AppAuth/ExternalUserAgent (= 1.7.6)
  - AppAuth/Core (1.7.6)
  - AppAuth/ExternalUserAgent (1.7.6):
    - AppAuth/Core
  - AppCheckCore (11.2.0):
    - GoogleUtilities/Environment (~> 8.0)
    - GoogleUtilities/UserDefaults (~> 8.0)
    - PromisesObjC (~> 2.4)
  - Capacitor (7.2.0):
    - CapacitorCordova
  - CapacitorApp (7.0.1):
    - Capacitor
  - CapacitorCommunitySafeArea (7.0.0-alpha.1):
    - Capacitor
  - CapacitorCommunitySpeechRecognition (7.0.0):
    - Capacitor
  - CapacitorCordova (7.2.0)
  - CapacitorDevice (7.0.1):
    - Capacitor
  - CapacitorDialog (7.0.1):
    - Capacitor
  - CapacitorHaptics (7.0.1):
    - Capacitor
  - CapacitorInappbrowser (2.1.0):
    - Capacitor
    - OSInAppBrowserLib (~> 2.0)
  - CapacitorKeyboard (7.0.1):
    - Capacitor
  - CapacitorSplashScreen (7.0.1):
    - Capacitor
  - CapacitorStatusBar (7.0.1):
    - Capacitor
  - CapacitorToast (7.0.1):
    - Capacitor
  - CapacitorVoiceRecorder (7.0.5):
    - Capacitor
  - CapgoCapacitorSocialLogin (7.5.9):
    - Alamofire (~> 5.10.2)
    - Capacitor
    - FBSDKCoreKit (= 17.4.0)
    - FBSDKLoginKit (= 17.4.0)
    - GoogleSignIn (~> 8.0.0)
  - FBAEMKit (17.4.0):
    - FBSDKCoreKit_Basics (= 17.4.0)
  - FBSDKCoreKit (17.4.0):
    - FBAEMKit (= 17.4.0)
    - FBSDKCoreKit_Basics (= 17.4.0)
  - FBSDKCoreKit_Basics (17.4.0)
  - FBSDKLoginKit (17.4.0):
    - FBSDKCoreKit (= 17.4.0)
  - GoogleSignIn (8.0.0):
    - AppAuth (< 2.0, >= 1.7.3)
    - AppCheckCore (~> 11.0)
    - GTMAppAuth (< 5.0, >= 4.1.1)
    - GTMSessionFetcher/Core (~> 3.3)
  - GoogleUtilities/Environment (8.1.0):
    - GoogleUtilities/Privacy
  - GoogleUtilities/Logger (8.1.0):
    - GoogleUtilities/Environment
    - GoogleUtilities/Privacy
  - GoogleUtilities/Privacy (8.1.0)
  - GoogleUtilities/UserDefaults (8.1.0):
    - GoogleUtilities/Logger
    - GoogleUtilities/Privacy
  - GTMAppAuth (4.1.1):
    - AppAuth/Core (~> 1.7)
    - GTMSessionFetcher/Core (< 4.0, >= 3.3)
  - GTMSessionFetcher/Core (3.5.0)
  - OSInAppBrowserLib (2.0.0)
  - PromisesObjC (2.4.0)
  - PurchasesHybridCommon (13.32.0):
    - RevenueCat (= 5.24.0)
  - RevenueCat (5.24.0)
  - RevenuecatPurchasesCapacitor (10.3.0):
    - Capacitor
    - PurchasesHybridCommon (= 13.32.0)

DEPENDENCIES:
  - "AparajitaCapacitorDarkMode (from `../../../../node_modules/.pnpm/@aparajita+capacitor-dark-mode@5.0.2/node_modules/@aparajita/capacitor-dark-mode`)"
  - "Capacitor (from `../../../../node_modules/.pnpm/@capacitor+ios@7.2.0_@capacitor+core@7.2.0/node_modules/@capacitor/ios`)"
  - "CapacitorApp (from `../../../../node_modules/.pnpm/@capacitor+app@7.0.1_@capacitor+core@7.2.0/node_modules/@capacitor/app`)"
  - "CapacitorCommunitySafeArea (from `../../../../node_modules/.pnpm/@capacitor-community+safe-area@7.0.0-alpha.1_@capacitor+core@7.2.0/node_modules/@capacitor-community/safe-area`)"
  - "CapacitorCommunitySpeechRecognition (from `../../../../node_modules/.pnpm/@capacitor-community+speech-recognition@7.0.0_@capacitor+core@7.2.0/node_modules/@capacitor-community/speech-recognition`)"
  - "CapacitorCordova (from `../../../../node_modules/.pnpm/@capacitor+ios@7.2.0_@capacitor+core@7.2.0/node_modules/@capacitor/ios`)"
  - "CapacitorDevice (from `../../../../node_modules/.pnpm/@capacitor+device@7.0.1_@capacitor+core@7.2.0/node_modules/@capacitor/device`)"
  - "CapacitorDialog (from `../../../../node_modules/.pnpm/@capacitor+dialog@7.0.1_@capacitor+core@7.2.0/node_modules/@capacitor/dialog`)"
  - "CapacitorHaptics (from `../../../../node_modules/.pnpm/@capacitor+haptics@7.0.1_@capacitor+core@7.2.0/node_modules/@capacitor/haptics`)"
  - "CapacitorInappbrowser (from `../../../../node_modules/.pnpm/@capacitor+inappbrowser@2.1.0_@capacitor+core@7.2.0/node_modules/@capacitor/inappbrowser`)"
  - "CapacitorKeyboard (from `../../../../node_modules/.pnpm/@capacitor+keyboard@7.0.1_@capacitor+core@7.2.0/node_modules/@capacitor/keyboard`)"
  - "CapacitorSplashScreen (from `../../../../node_modules/.pnpm/@capacitor+splash-screen@7.0.1_@capacitor+core@7.2.0/node_modules/@capacitor/splash-screen`)"
  - "CapacitorStatusBar (from `../../../../node_modules/.pnpm/@capacitor+status-bar@7.0.1_@capacitor+core@7.2.0/node_modules/@capacitor/status-bar`)"
  - "CapacitorToast (from `../../../../node_modules/.pnpm/@capacitor+toast@7.0.1_@capacitor+core@7.2.0/node_modules/@capacitor/toast`)"
  - "CapacitorVoiceRecorder (from `../../../../node_modules/.pnpm/capacitor-voice-recorder@7.0.5_@capacitor+core@7.2.0_@capacitor+filesystem@7.1.1_@capacitor+core@7.2.0_/node_modules/capacitor-voice-recorder`)"
  - "CapgoCapacitorSocialLogin (from `../../../../node_modules/.pnpm/@capgo+capacitor-social-login@7.5.9_@capacitor+core@7.2.0/node_modules/@capgo/capacitor-social-login`)"
  - "RevenuecatPurchasesCapacitor (from `../../../../node_modules/.pnpm/@revenuecat+purchases-capacitor@10.3.0_@capacitor+core@7.2.0/node_modules/@revenuecat/purchases-capacitor`)"

SPEC REPOS:
  trunk:
    - Alamofire
    - AppAuth
    - AppCheckCore
    - FBAEMKit
    - FBSDKCoreKit
    - FBSDKCoreKit_Basics
    - FBSDKLoginKit
    - GoogleSignIn
    - GoogleUtilities
    - GTMAppAuth
    - GTMSessionFetcher
    - OSInAppBrowserLib
    - PromisesObjC
    - PurchasesHybridCommon
    - RevenueCat

EXTERNAL SOURCES:
  AparajitaCapacitorDarkMode:
    :path: "../../../../node_modules/.pnpm/@aparajita+capacitor-dark-mode@5.0.2/node_modules/@aparajita/capacitor-dark-mode"
  Capacitor:
    :path: "../../../../node_modules/.pnpm/@capacitor+ios@7.2.0_@capacitor+core@7.2.0/node_modules/@capacitor/ios"
  CapacitorApp:
    :path: "../../../../node_modules/.pnpm/@capacitor+app@7.0.1_@capacitor+core@7.2.0/node_modules/@capacitor/app"
  CapacitorCommunitySafeArea:
    :path: "../../../../node_modules/.pnpm/@capacitor-community+safe-area@7.0.0-alpha.1_@capacitor+core@7.2.0/node_modules/@capacitor-community/safe-area"
  CapacitorCommunitySpeechRecognition:
    :path: "../../../../node_modules/.pnpm/@capacitor-community+speech-recognition@7.0.0_@capacitor+core@7.2.0/node_modules/@capacitor-community/speech-recognition"
  CapacitorCordova:
    :path: "../../../../node_modules/.pnpm/@capacitor+ios@7.2.0_@capacitor+core@7.2.0/node_modules/@capacitor/ios"
  CapacitorDevice:
    :path: "../../../../node_modules/.pnpm/@capacitor+device@7.0.1_@capacitor+core@7.2.0/node_modules/@capacitor/device"
  CapacitorDialog:
    :path: "../../../../node_modules/.pnpm/@capacitor+dialog@7.0.1_@capacitor+core@7.2.0/node_modules/@capacitor/dialog"
  CapacitorHaptics:
    :path: "../../../../node_modules/.pnpm/@capacitor+haptics@7.0.1_@capacitor+core@7.2.0/node_modules/@capacitor/haptics"
  CapacitorInappbrowser:
    :path: "../../../../node_modules/.pnpm/@capacitor+inappbrowser@2.1.0_@capacitor+core@7.2.0/node_modules/@capacitor/inappbrowser"
  CapacitorKeyboard:
    :path: "../../../../node_modules/.pnpm/@capacitor+keyboard@7.0.1_@capacitor+core@7.2.0/node_modules/@capacitor/keyboard"
  CapacitorSplashScreen:
    :path: "../../../../node_modules/.pnpm/@capacitor+splash-screen@7.0.1_@capacitor+core@7.2.0/node_modules/@capacitor/splash-screen"
  CapacitorStatusBar:
    :path: "../../../../node_modules/.pnpm/@capacitor+status-bar@7.0.1_@capacitor+core@7.2.0/node_modules/@capacitor/status-bar"
  CapacitorToast:
    :path: "../../../../node_modules/.pnpm/@capacitor+toast@7.0.1_@capacitor+core@7.2.0/node_modules/@capacitor/toast"
  CapacitorVoiceRecorder:
    :path: "../../../../node_modules/.pnpm/capacitor-voice-recorder@7.0.5_@capacitor+core@7.2.0_@capacitor+filesystem@7.1.1_@capacitor+core@7.2.0_/node_modules/capacitor-voice-recorder"
  CapgoCapacitorSocialLogin:
    :path: "../../../../node_modules/.pnpm/@capgo+capacitor-social-login@7.5.9_@capacitor+core@7.2.0/node_modules/@capgo/capacitor-social-login"
  RevenuecatPurchasesCapacitor:
    :path: "../../../../node_modules/.pnpm/@revenuecat+purchases-capacitor@10.3.0_@capacitor+core@7.2.0/node_modules/@revenuecat/purchases-capacitor"

SPEC CHECKSUMS:
  Alamofire: 7193b3b92c74a07f85569e1a6c4f4237291e7496
  AparajitaCapacitorDarkMode: 00dc018a8537d45654afbea7a8535074c08973ef
  AppAuth: d4f13a8fe0baf391b2108511793e4b479691fb73
  AppCheckCore: cc8fd0a3a230ddd401f326489c99990b013f0c4f
  Capacitor: 03bc7cbdde6a629a8b910a9d7d78c3cc7ed09ea7
  CapacitorApp: febecbb9582cb353aed037e18ec765141f880fe9
  CapacitorCommunitySafeArea: 3f049619072ab5d0da2529bcb05b358ff6c13dc1
  CapacitorCommunitySpeechRecognition: 68f49415c98181d13c0a5b49e14dfb8752f01975
  CapacitorCordova: 5967b9ba03915ef1d585469d6e31f31dc49be96f
  CapacitorDevice: c6f6d587dd310527f8a48bf09c4e7b4a4cf14329
  CapacitorDialog: 0e09f242f6c3f5e82e4dc76b20f2a056be57a579
  CapacitorHaptics: 1f1e17041f435d8ead9ff2a34edd592c6aa6a8d6
  CapacitorInappbrowser: b9b366f37561bf92da226df6353631ac01cc5b92
  CapacitorKeyboard: 09fd91dcde4f8a37313e7f11bde553ad1ed52036
  CapacitorSplashScreen: 1d67815a422a9b61539c94f283c08ed56667c0fc
  CapacitorStatusBar: 6e7af040d8fc4dd655999819625cae9c2d74c36f
  CapacitorToast: ddfc4b36080dbe3634c9faf510b20f6ddcff9330
  CapacitorVoiceRecorder: d971261c83b35475ab202c357ece2c0f83a83ee3
  CapgoCapacitorSocialLogin: 981a9b3c980d90cca812f2a161678f6ca8f24096
  FBAEMKit: 58cb5f302cdd715a56d4c1d0dfdd2e423ac1421a
  FBSDKCoreKit: 94d7461d0cecf441b1ba7c41acfff41daa8ccd41
  FBSDKCoreKit_Basics: 151b43db8b834d3f0e02f95d36a44ffd36265e45
  FBSDKLoginKit: 5c1cd53c91a2282b3a4fe6e6d3dcf2b8b0d33d55
  GoogleSignIn: ce8c89bb9b37fb624b92e7514cc67335d1e277e4
  GoogleUtilities: 00c88b9a86066ef77f0da2fab05f65d7768ed8e1
  GTMAppAuth: f69bd07d68cd3b766125f7e072c45d7340dea0de
  GTMSessionFetcher: 5aea5ba6bd522a239e236100971f10cb71b96ab6
  OSInAppBrowserLib: 232c74691cffb9959aa07b1d5ff57d96fca2af7f
  PromisesObjC: f5707f49cb48b9636751c5b2e7d227e43fba9f47
  PurchasesHybridCommon: 662aa1f4769ff4ef594e35adf1a5d0ad7b3d08b7
  RevenueCat: 2d3639d30b8a71cbfe3d99cef8243c602793e0ec
  RevenuecatPurchasesCapacitor: d2caee5c90772184b79466cfb0e25cc651b3b97c

PODFILE CHECKSUM: 8e1b272bae3498bc39d532ca837a51d9eb9aecb0

COCOAPODS: 1.16.2
